
Microsoft Visual Studio Solution File, Format Version 12.00
# Visual Studio 15
VisualStudioVersion = 15.0.27428.2015
MinimumVisualStudioVersion = 10.0.40219.1
Project("{FAE04EC0-301F-11D3-BF4B-00C04F79EFBC}") = "WpfApp1_ClassWork", "WpfApp1_ClassWork\WpfApp1_ClassWork.csproj", "{5200E6FD-97DB-4202-BB9C-07A42CF580FF}"
EndProject
Global
	GlobalSection(SolutionConfigurationPlatforms) = preSolution
		Debug|Any CPU = Debug|Any CPU
		Release|Any CPU = Release|Any CPU
	EndGlobalSection
	GlobalSection(ProjectConfigurationPlatforms) = postSolution
		{5200E6FD-97DB-4202-BB9C-07A42CF580FF}.Debug|Any CPU.ActiveCfg = Debug|Any CPU
		{5200E6FD-97DB-4202-BB9C-07A42CF580FF}.Debug|Any CPU.Build.0 = Debug|Any CPU
		{5200E6FD-97DB-4202-BB9C-07A42CF580FF}.Release|Any CPU.ActiveCfg = Release|Any CPU
		{5200E6FD-97DB-4202-BB9C-07A42CF580FF}.Release|Any CPU.Build.0 = Release|Any CPU
	EndGlobalSection
	GlobalSection(SolutionProperties) = preSolution
		HideSolutionNode = FALSE
	EndGlobalSection
	GlobalSection(ExtensibilityGlobals) = postSolution
		SolutionGuid = {82259752-C518-4103-BA7C-36B76DC14FDC}
	EndGlobalSection
EndGlobal
